
Microsoft Visual Studio Solution File, Format Version 12.00
# Visual Studio 15
VisualStudioVersion = 15.0.27130.2020
MinimumVisualStudioVersion = 10.0.40219.1
Project("{8BC9CEB8-8B4A-11D0-8D11-00A0C91BC942}") = "g1", "g1\g1.vcxproj", "{9854A806-DC19-4827-9050-F2AEFE64E6C9}"
EndProject
Global
	GlobalSection(SolutionConfigurationPlatforms) = preSolution
		Debug|x64 = Debug|x64
		Debug|x86 = Debug|x86
		Release|x64 = Release|x64
		Release|x86 = Release|x86
	EndGlobalSection
	GlobalSection(ProjectConfigurationPlatforms) = postSolution
		{9854A806-DC19-4827-9050-F2AEFE64E6C9}.Debug|x64.ActiveCfg = Debug|x64
		{9854A806-DC19-4827-9050-F2AEFE64E6C9}.Debug|x64.Build.0 = Debug|x64
		{9854A806-DC19-4827-9050-F2AEFE64E6C9}.Debug|x86.ActiveCfg = Debug|Win32
		{9854A806-DC19-4827-9050-F2AEFE64E6C9}.Debug|x86.Build.0 = Debug|Win32
		{9854A806-DC19-4827-9050-F2AEFE64E6C9}.Release|x64.ActiveCfg = Release|x64
		{9854A806-DC19-4827-9050-F2AEFE64E6C9}.Release|x64.Build.0 = Release|x64
		{9854A806-DC19-4827-9050-F2AEFE64E6C9}.Release|x86.ActiveCfg = Release|Win32
		{9854A806-DC19-4827-9050-F2AEFE64E6C9}.Release|x86.Build.0 = Release|Win32
	EndGlobalSection
	GlobalSection(SolutionProperties) = preSolution
		HideSolutionNode = FALSE
	EndGlobalSection
	GlobalSection(ExtensibilityGlobals) = postSolution
		SolutionGuid = {8FF7A9E8-A78A-4D30-A0F5-9351F2C88EFB}
	EndGlobalSection
EndGlobal
